{
	"name": "mqtt-bridge-flux",
	"version": "1.0.0",
	"lockfileVersion": 1,
	"requires": true,
	"dependencies": {
		"delay": {
			"version": "4.1.0",
			"resolved": "https://registry.npmjs.org/delay/-/delay-4.1.0.tgz",
			"integrity": "sha512-8Hea6/aOu3bPdDBQhSRUEUzF0QwuWmSPuIK+sxNdvcJtSfzb6HXrTd9DFJBCJcV9o83fFECqTgllqdnmUfq9+w=="
		},
		"esm": {
			"version": "3.2.4",
			"resolved": "https://registry.npmjs.org/esm/-/esm-3.2.4.tgz",
			"integrity": "sha512-wOuWtQCkkwD1WKQN/k3RsyGSSN+AmiUzdKftn8vaC+uV9JesYmQlODJxgXaaRz0LaaFIlUxZaUu5NPiUAjKAAA=="
		},
		"p-forever": {
			"version": "1.0.1",
			"resolved": "https://registry.npmjs.org/p-forever/-/p-forever-1.0.1.tgz",
			"integrity": "sha512-9IVAxJdPk88BFMvPjzE+WTZLmAt/FBa47mYY49E2elBki4yJJmQ57XHu3o3Dm1GMde+Xf2d+PzElJIogAPwkug=="
		},
		"suncalc": {
			"version": "1.8.0",
			"resolved": "https://registry.npmjs.org/suncalc/-/suncalc-1.8.0.tgz",
			"integrity": "sha1-HZiYEJVjB4dQ9JlKlZ5lTYdqy/U="
		}
	}
}
