{
  "name": "mqtt-bridge-lifx",
  "version": "1.0.0",
  "lockfileVersion": 1,
  "requires": true,
  "dependencies": {
    "delay": {
      "version": "4.1.0",
      "resolved": "https://registry.npmjs.org/delay/-/delay-4.1.0.tgz",
      "integrity": "sha512-8Hea6/aOu3bPdDBQhSRUEUzF0QwuWmSPuIK+sxNdvcJtSfzb6HXrTd9DFJBCJcV9o83fFECqTgllqdnmUfq9+w=="
    },
    "esm": {
      "version": "3.2.4",
      "resolved": "https://registry.npmjs.org/esm/-/esm-3.2.4.tgz",
      "integrity": "sha512-wOuWtQCkkwD1WKQN/k3RsyGSSN+AmiUzdKftn8vaC+uV9JesYmQlODJxgXaaRz0LaaFIlUxZaUu5NPiUAjKAAA=="
    },
    "eventemitter3": {
      "version": "2.0.3",
      "resolved": "https://registry.npmjs.org/eventemitter3/-/eventemitter3-2.0.3.tgz",
      "integrity": "sha1-teEHm1n7XhuidxwKmTvgYKWMmbo="
    },
    "lodash": {
      "version": "4.17.11",
      "resolved": "https://registry.npmjs.org/lodash/-/lodash-4.17.11.tgz",
      "integrity": "sha512-cQKh8igo5QUhZ7lg38DYWAxMvjSAKG0A8wGSVimP07SIUEK2UO+arSRKbRZWtelMtN5V0Hkwh5ryOto/SshYIg=="
    },
    "node-lifx": {
      "version": "0.8.0",
      "resolved": "https://registry.npmjs.org/node-lifx/-/node-lifx-0.8.0.tgz",
      "integrity": "sha1-L5aZNWIQC5FV4uxJ3ey/wzyaPa4=",
      "requires": {
        "eventemitter3": "^2.0.2",
        "lodash": "^4.5.0"
      }
    },
    "p-forever": {
      "version": "1.0.1",
      "resolved": "https://registry.npmjs.org/p-forever/-/p-forever-1.0.1.tgz",
      "integrity": "sha512-9IVAxJdPk88BFMvPjzE+WTZLmAt/FBa47mYY49E2elBki4yJJmQ57XHu3o3Dm1GMde+Xf2d+PzElJIogAPwkug=="
    },
    "pify": {
      "version": "4.0.1",
      "resolved": "https://registry.npmjs.org/pify/-/pify-4.0.1.tgz",
      "integrity": "sha512-uB80kBFb/tfd68bVleG9T5GGsGPjJrLAUpR5PZIrhBnIaRTQRjqdJSsIKkOP6OAIFbj7GOrcudc5pNjZ+geV2g=="
    }
  }
}
